
Microsoft Visual Studio Solution File, Format Version 12.00
# Visual Studio Version 17
VisualStudioVersion = 17.8.34525.116
MinimumVisualStudioVersion = 10.0.40219.1
Project("{FAE04EC0-301F-11D3-BF4B-00C04F79EFBC}") = "PlaylistProject", "PlaylistProject.csproj", "{C73B20A7-001C-4868-8B22-BB479637968F}"
EndProject
Global
	GlobalSection(SolutionConfigurationPlatforms) = preSolution
		Debug|Any CPU = Debug|Any CPU
		Release|Any CPU = Release|Any CPU
	EndGlobalSection
	GlobalSection(ProjectConfigurationPlatforms) = postSolution
		{C73B20A7-001C-4868-8B22-BB479637968F}.Debug|Any CPU.ActiveCfg = Debug|Any CPU
		{C73B20A7-001C-4868-8B22-BB479637968F}.Debug|Any CPU.Build.0 = Debug|Any CPU
		{C73B20A7-001C-4868-8B22-BB479637968F}.Release|Any CPU.ActiveCfg = Release|Any CPU
		{C73B20A7-001C-4868-8B22-BB479637968F}.Release|Any CPU.Build.0 = Release|Any CPU
	EndGlobalSection
	GlobalSection(SolutionProperties) = preSolution
		HideSolutionNode = FALSE
	EndGlobalSection
	GlobalSection(ExtensibilityGlobals) = postSolution
		SolutionGuid = {254D8261-AF68-4864-B1E5-757C6769BC57}
	EndGlobalSection
EndGlobal
